PODS:
  - Alamofire (4.5.0)
  - Stripe (15.0.0)

DEPENDENCIES:
  - Alamofire
  - Stripe

SPEC REPOS:
  https://github.com/cocoapods/specs.git:
    - Alamofire
    - Stripe

SPEC CHECKSUMS:
  Alamofire: f28cdffd29de33a7bfa022cbd63ae95a27fae140
  Stripe: 312b22a67af9fa55c246d26148b3f3a9636a0ff2

PODFILE CHECKSUM: df01c2ba3d529638d327c083cdf54b9821b82a0c

COCOAPODS: 1.5.3
